// !$*UTF8*$!
{
	archiveVersion = 1;
	classes = {
	};
	objectVersion = 77;
	objects = {

/* Begin PBXContainerItemProxy section */
		29313F7E2CD90F1C001B1150 /* PBXContainerItemProxy */ = {
			isa = PBXContainerItemProxy;
			containerPortal = 29313F652CD90F1B001B1150 /* Project object */;
			proxyType = 1;
			remoteGlobalIDString = 29313F6C2CD90F1B001B1150;
			remoteInfo = MyAmazingApp;
		};
		29313F882CD90F1C001B1150 /* PBXContainerItemProxy */ = {
			isa = PBXContainerItemProxy;
			containerPortal = 29313F652CD90F1B001B1150 /* Project object */;
			proxyType = 1;
			remoteGlobalIDString = 29313F6C2CD90F1B001B1150;
			remoteInfo = MyAmazingApp;
		};
/* End PBXContainerItemProxy section */

/* Begin PBXFileReference section */
		29313F6D2CD90F1B001B1150 /* MyAmazingApp.app */ = {isa = PBXFileReference; explicitFileType = wrapper.application; includeInIndex = 0; path = MyAmazingApp.app; sourceTree = BUILT_PRODUCTS_DIR; };
		29313F7D2CD90F1C001B1150 /* MyAmazingAppTests.xctest */ = {isa = PBXFileReference; explicitFileType = wrapper.cfbundle; includeInIndex = 0; path = MyAmazingAppTests.xctest; sourceTree = BUILT_PRODUCTS_DIR; };
		29313F872CD90F1C001B1150 /* MyAmazingAppUITests.xctest */ = {isa = PBXFileReference; explicitFileType = wrapper.cfbundle; includeInIndex = 0; path = MyAmazingAppUITests.xctest; sourceTree = BUILT_PRODUCTS_DIR; };
/* End PBXFileReference section */

/* Begin PBXFileSystemSynchronizedRootGroup section */
		29313F6F2CD90F1B001B1150 /* MyAmazingApp */ = {
			isa = PBXFileSystemSynchronizedRootGroup;
			path = MyAmazingApp;
			sourceTree = "<group>";
		};
		29313F802CD90F1C001B1150 /* MyAmazingAppTests */ = {
			isa = PBXFileSystemSynchronizedRootGroup;
			path = MyAmazingAppTests;
			sourceTree = "<group>";
		};
		29313F8A2CD90F1C001B1150 /* MyAmazingAppUITests */ = {
			isa = PBXFileSystemSynchronizedRootGroup;
			path = MyAmazingAppUITests;
			sourceTree = "<group>";
		};
/* End PBXFileSystemSynchronizedRootGroup section */

/* Begin PBXFrameworksBuildPhase section */
		29313F6A2CD90F1B001B1150 /* Frameworks */ = {
			isa = PBXFrameworksBuildPhase;
			buildActionMask = 2147483647;
			files = (
			);
			runOnlyForDeploymentPostprocessing = 0;
		};
		29313F7A2CD90F1C001B1150 /* Frameworks */ = {
			isa = PBXFrameworksBuildPhase;
			buildActionMask = 2147483647;
			files = (
			);
			runOnlyForDeploymentPostprocessing = 0;
		};
		29313F842CD90F1C001B1150 /* Frameworks */ = {
			isa = PBXFrameworksBuildPhase;
			buildActionMask = 2147483647;
			files = (
			);
			runOnlyForDeploymentPostprocessing = 0;
		};
/* End PBXFrameworksBuildPhase section */

/* Begin PBXGroup section */
		29313F642CD90F1B001B1150 = {
			isa = PBXGroup;
			children = (
				29313F6F2CD90F1B001B1150 /* MyAmazingApp */,
				29313F802CD90F1C001B1150 /* MyAmazingAppTests */,
				29313F8A2CD90F1C001B1150 /* MyAmazingAppUITests */,
				29313F6E2CD90F1B001B1150 /* Products */,
			);
			sourceTree = "<group>";
		};
		29313F6E2CD90F1B001B1150 /* Products */ = {
			isa = PBXGroup;
			children = (
				29313F6D2CD90F1B001B1150 /* MyAmazingApp.app */,
				29313F7D2CD90F1C001B1150 /* MyAmazingAppTests.xctest */,
				29313F872CD90F1C001B1150 /* MyAmazingAppUITests.xctest */,
			);
			name = Products;
			sourceTree = "<group>";
		};
/* End PBXGroup section */

/* Begin PBXNativeTarget section */
		29313F6C2CD90F1B001B1150 /* MyAmazingApp */ = {
			isa = PBXNativeTarget;
			buildConfigurationList = 29313F912CD90F1C001B1150 /* Build configuration list for PBXNativeTarget "MyAmazingApp" */;
			buildPhases = (
				29313F692CD90F1B001B1150 /* Sources */,
				29313F6A2CD90F1B001B1150 /* Frameworks */,
				29313F6B2CD90F1B001B1150 /* Resources */,
			);
			buildRules = (
			);
			dependencies = (
			);
			fileSystemSynchronizedGroups = (
				29313F6F2CD90F1B001B1150 /* MyAmazingApp */,
			);
			name = MyAmazingApp;
			packageProductDependencies = (
			);
			productName = MyAmazingApp;
			productReference = 29313F6D2CD90F1B001B1150 /* MyAmazingApp.app */;
			productType = "com.apple.product-type.application";
		};
		29313F7C2CD90F1C001B1150 /* MyAmazingAppTests */ = {
			isa = PBXNativeTarget;
			buildConfigurationList = 29313F942CD90F1C001B1150 /* Build configuration list for PBXNativeTarget "MyAmazingAppTests" */;
			buildPhases = (
				29313F792CD90F1C001B1150 /* Sources */,
				29313F7A2CD90F1C001B1150 /* Frameworks */,
				29313F7B2CD90F1C001B1150 /* Resources */,
			);
			buildRules = (
			);
			dependencies = (
				29313F7F2CD90F1C001B1150 /* PBXTargetDependency */,
			);
			fileSystemSynchronizedGroups = (
				29313F802CD90F1C001B1150 /* MyAmazingAppTests */,
			);
			name = MyAmazingAppTests;
			packageProductDependencies = (
			);
			productName = MyAmazingAppTests;
			productReference = 29313F7D2CD90F1C001B1150 /* MyAmazingAppTests.xctest */;
			productType = "com.apple.product-type.bundle.unit-test";
		};
		29313F862CD90F1C001B1150 /* MyAmazingAppUITests */ = {
			isa = PBXNativeTarget;
			buildConfigurationList = 29313F972CD90F1C001B1150 /* Build configuration list for PBXNativeTarget "MyAmazingAppUITests" */;
			buildPhases = (
				29313F832CD90F1C001B1150 /* Sources */,
				29313F842CD90F1C001B1150 /* Frameworks */,
				29313F852CD90F1C001B1150 /* Resources */,
			);
			buildRules = (
			);
			dependencies = (
				29313F892CD90F1C001B1150 /* PBXTargetDependency */,
			);
			fileSystemSynchronizedGroups = (
				29313F8A2CD90F1C001B1150 /* MyAmazingAppUITests */,
			);
			name = MyAmazingAppUITests;
			packageProductDependencies = (
			);
			productName = MyAmazingAppUITests;
			productReference = 29313F872CD90F1C001B1150 /* MyAmazingAppUITests.xctest */;
			productType = "com.apple.product-type.bundle.ui-testing";
		};
/* End PBXNativeTarget section */

/* Begin PBXProject section */
		29313F652CD90F1B001B1150 /* Project object */ = {
			isa = PBXProject;
			attributes = {
				BuildIndependentTargetsInParallel = 1;
				LastSwiftUpdateCheck = 1600;
				LastUpgradeCheck = 1600;
				TargetAttributes = {
					29313F6C2CD90F1B001B1150 = {
						CreatedOnToolsVersion = 16.0;
					};
					29313F7C2CD90F1C001B1150 = {
						CreatedOnToolsVersion = 16.0;
						TestTargetID = 29313F6C2CD90F1B001B1150;
					};
					29313F862CD90F1C001B1150 = {
						CreatedOnToolsVersion = 16.0;
						TestTargetID = 29313F6C2CD90F1B001B1150;
					};
				};
			};
			buildConfigurationList = 29313F682CD90F1B001B1150 /* Build configuration list for PBXProject "MyAmazingApp" */;
			developmentRegion = en;
			hasScannedForEncodings = 0;
			knownRegions = (
				en,
				Base,
			);
			mainGroup = 29313F642CD90F1B001B1150;
			minimizedProjectReferenceProxies = 1;
			preferredProjectObjectVersion = 77;
			productRefGroup = 29313F6E2CD90F1B001B1150 /* Products */;
			projectDirPath = "";
			projectRoot = "";
			targets = (
				29313F6C2CD90F1B001B1150 /* MyAmazingApp */,
				29313F7C2CD90F1C001B1150 /* MyAmazingAppTests */,
				29313F862CD90F1C001B1150 /* MyAmazingAppUITests */,
			);
		};
/* End PBXProject section */

/* Begin PBXResourcesBuildPhase section */
		29313F6B2CD90F1B001B1150 /* Resources */ = {
			isa = PBXResourcesBuildPhase;
			buildActionMask = 2147483647;
			files = (
			);
			runOnlyForDeploymentPostprocessing = 0;
		};
		29313F7B2CD90F1C001B1150 /* Resources */ = {
			isa = PBXResourcesBuildPhase;
			buildActionMask = 2147483647;
			files = (
			);
			runOnlyForDeploymentPostprocessing = 0;
		};
		29313F852CD90F1C001B1150 /* Resources */ = {
			isa = PBXResourcesBuildPhase;
			buildActionMask = 2147483647;
			files = (
			);
			runOnlyForDeploymentPostprocessing = 0;
		};
/* End PBXResourcesBuildPhase section */

/* Begin PBXSourcesBuildPhase section */
		29313F692CD90F1B001B1150 /* Sources */ = {
			isa = PBXSourcesBuildPhase;
			buildActionMask = 2147483647;
			files = (
			);
			runOnlyForDeploymentPostprocessing = 0;
		};
		29313F792CD90F1C001B1150 /* Sources */ = {
			isa = PBXSourcesBuildPhase;
			buildActionMask = 2147483647;
			files = (
			);
			runOnlyForDeploymentPostprocessing = 0;
		};
		29313F832CD90F1C001B1150 /* Sources */ = {
			isa = PBXSourcesBuildPhase;
			buildActionMask = 2147483647;
			files = (
			);
			runOnlyForDeploymentPostprocessing = 0;
		};
/* End PBXSourcesBuildPhase section */

/* Begin PBXTargetDependency section */
		29313F7F2CD90F1C001B1150 /* PBXTargetDependency */ = {
			isa = PBXTargetDependency;
			target = 29313F6C2CD90F1B001B1150 /* MyAmazingApp */;
			targetProxy = 29313F7E2CD90F1C001B1150 /* PBXContainerItemProxy */;
		};
		29313F892CD90F1C001B1150 /* PBXTargetDependency */ = {
			isa = PBXTargetDependency;
			target = 29313F6C2CD90F1B001B1150 /* MyAmazingApp */;
			targetProxy = 29313F882CD90F1C001B1150 /* PBXContainerItemProxy */;
		};
/* End PBXTargetDependency section */

/* Begin XCBuildConfiguration section */
		29313F8F2CD90F1C001B1150 /* Debug */ = {
			isa = XCBuildConfiguration;
			buildSettings = {
				ALWAYS_SEARCH_USER_PATHS = NO;
				ASSETCATALOG_COMPILER_GENERATE_SWIFT_ASSET_SYMBOL_EXTENSIONS = YES;
				CLANG_ANALYZER_NONNULL = YES;
				CLANG_ANALYZER_NUMBER_OBJECT_CONVERSION = YES_AGGRESSIVE;
				CLANG_CXX_LANGUAGE_STANDARD = "gnu++20";
				CLANG_ENABLE_MODULES = YES;
				CLANG_ENABLE_OBJC_ARC = YES;
				CLANG_ENABLE_OBJC_WEAK = YES;
				CLANG_WARN_BLOCK_CAPTURE_AUTORELEASING = YES;
				CLANG_WARN_BOOL_CONVERSION = YES;
				CLANG_WARN_COMMA = YES;
				CLANG_WARN_CONSTANT_CONVERSION = YES;
				CLANG_WARN_DEPRECATED_OBJC_IMPLEMENTATIONS = YES;
				CLANG_WARN_DIRECT_OBJC_ISA_USAGE = YES_ERROR;
				CLANG_WARN_DOCUMENTATION_COMMENTS = YES;
				CLANG_WARN_EMPTY_BODY = YES;
				CLANG_WARN_ENUM_CONVERSION = YES;
				CLANG_WARN_INFINITE_RECURSION = YES;
				CLANG_WARN_INT_CONVERSION = YES;
				CLANG_WARN_NON_LITERAL_NULL_CONVERSION = YES;
				CLANG_WARN_OBJC_IMPLICIT_RETAIN_SELF = YES;
				CLANG_WARN_OBJC_LITERAL_CONVERSION = YES;
				CLANG_WARN_OBJC_ROOT_CLASS = YES_ERROR;
				CLANG_WARN_QUOTED_INCLUDE_IN_FRAMEWORK_HEADER = YES;
				CLANG_WARN_RANGE_LOOP_ANALYSIS = YES;
				CLANG_WARN_STRICT_PROTOTYPES = YES;
				CLANG_WARN_SUSPICIOUS_MOVE = YES;
				CLANG_WARN_UNGUARDED_AVAILABILITY = YES_AGGRESSIVE;
				CLANG_WARN_UNREACHABLE_CODE = YES;
				CLANG_WARN__DUPLICATE_METHOD_MATCH = YES;
				COPY_PHASE_STRIP = NO;
				DEBUG_INFORMATION_FORMAT = dwarf;
				ENABLE_STRICT_OBJC_MSGSEND = YES;
				ENABLE_TESTABILITY = YES;
				ENABLE_USER_SCRIPT_SANDBOXING = YES;
				GCC_C_LANGUAGE_STANDARD = gnu17;
				GCC_DYNAMIC_NO_PIC = NO;
				GCC_NO_COMMON_BLOCKS = YES;
				GCC_OPTIMIZATION_LEVEL = 0;
				GCC_PREPROCESSOR_DEFINITIONS = (
					"DEBUG=1",
					"$(inherited)",
				);
				GCC_WARN_64_TO_32_BIT_CONVERSION = YES;
				GCC_WARN_ABOUT_RETURN_TYPE = YES_ERROR;
				GCC_WARN_UNDECLARED_SELECTOR = YES;
				GCC_WARN_UNINITIALIZED_AUTOS = YES_AGGRESSIVE;
				GCC_WARN_UNUSED_FUNCTION = YES;
				GCC_WARN_UNUSED_VARIABLE = YES;
				IPHONEOS_DEPLOYMENT_TARGET = 18.0;
				LOCALIZATION_PREFERS_STRING_CATALOGS = YES;
				MTL_ENABLE_DEBUG_INFO = INCLUDE_SOURCE;
				MTL_FAST_MATH = YES;
				ONLY_ACTIVE_ARCH = YES;
				SDKROOT = iphoneos;
				SWIFT_ACTIVE_COMPILATION_CONDITIONS = "DEBUG $(inherited)";
				SWIFT_OPTIMIZATION_LEVEL = "-Onone";
			};
			name = Debug;
		};
		29313F902CD90F1C001B1150 /* Release */ = {
			isa = XCBuildConfiguration;
			buildSettings = {
				ALWAYS_SEARCH_USER_PATHS = NO;
				ASSETCATALOG_COMPILER_GENERATE_SWIFT_ASSET_SYMBOL_EXTENSIONS = YES;
				CLANG_ANALYZER_NONNULL = YES;
				CLANG_ANALYZER_NUMBER_OBJECT_CONVERSION = YES_AGGRESSIVE;
				CLANG_CXX_LANGUAGE_STANDARD = "gnu++20";
				CLANG_ENABLE_MODULES = YES;
				CLANG_ENABLE_OBJC_ARC = YES;
				CLANG_ENABLE_OBJC_WEAK = YES;
				CLANG_WARN_BLOCK_CAPTURE_AUTORELEASING = YES;
				CLANG_WARN_BOOL_CONVERSION = YES;
				CLANG_WARN_COMMA = YES;
				CLANG_WARN_CONSTANT_CONVERSION = YES;
				CLANG_WARN_DEPRECATED_OBJC_IMPLEMENTATIONS = YES;
				CLANG_WARN_DIRECT_OBJC_ISA_USAGE = YES_ERROR;
				CLANG_WARN_DOCUMENTATION_COMMENTS = YES;
				CLANG_WARN_EMPTY_BODY = YES;
				CLANG_WARN_ENUM_CONVERSION = YES;
				CLANG_WARN_INFINITE_RECURSION = YES;
				CLANG_WARN_INT_CONVERSION = YES;
				CLANG_WARN_NON_LITERAL_NULL_CONVERSION = YES;
				CLANG_WARN_OBJC_IMPLICIT_RETAIN_SELF = YES;
				CLANG_WARN_OBJC_LITERAL_CONVERSION = YES;
				CLANG_WARN_OBJC_ROOT_CLASS = YES_ERROR;
				CLANG_WARN_QUOTED_INCLUDE_IN_FRAMEWORK_HEADER = YES;
				CLANG_WARN_RANGE_LOOP_ANALYSIS = YES;
				CLANG_WARN_STRICT_PROTOTYPES = YES;
				CLANG_WARN_SUSPICIOUS_MOVE = YES;
				CLANG_WARN_UNGUARDED_AVAILABILITY = YES_AGGRESSIVE;
				CLANG_WARN_UNREACHABLE_CODE = YES;
				CLANG_WARN__DUPLICATE_METHOD_MATCH = YES;
				COPY_PHASE_STRIP = NO;
				DEBUG_INFORMATION_FORMAT = "dwarf-with-dsym";
				ENABLE_NS_ASSERTIONS = NO;
				ENABLE_STRICT_OBJC_MSGSEND = YES;
				ENABLE_USER_SCRIPT_SANDBOXING = YES;
				GCC_C_LANGUAGE_STANDARD = gnu17;
				GCC_NO_COMMON_BLOCKS = YES;
				GCC_WARN_64_TO_32_BIT_CONVERSION = YES;
				GCC_WARN_ABOUT_RETURN_TYPE = YES_ERROR;
				GCC_WARN_UNDECLARED_SELECTOR = YES;
				GCC_WARN_UNINITIALIZED_AUTOS = YES_AGGRESSIVE;
				GCC_WARN_UNUSED_FUNCTION = YES;
				GCC_WARN_UNUSED_VARIABLE = YES;
				IPHONEOS_DEPLOYMENT_TARGET = 18.0;
				LOCALIZATION_PREFERS_STRING_CATALOGS = YES;
				MTL_ENABLE_DEBUG_INFO = NO;
				MTL_FAST_MATH = YES;
				SDKROOT = iphoneos;
				SWIFT_COMPILATION_MODE = wholemodule;
				VALIDATE_PRODUCT = YES;
			};
			name = Release;
		};
		29313F922CD90F1C001B1150 /* Debug */ = {
			isa = XCBuildConfiguration;
			buildSettings = {
				ASSETCATALOG_COMPILER_APPICON_NAME = AppIcon;
				ASSETCATALOG_COMPILER_GLOBAL_ACCENT_COLOR_NAME = AccentColor;
				CODE_SIGN_STYLE = Automatic;
				CURRENT_PROJECT_VERSION = 1;
				DEVELOPMENT_ASSET_PATHS = "\"MyAmazingApp/Preview Content\"";
				DEVELOPMENT_TEAM = ZR9S325GW6;
				ENABLE_PREVIEWS = YES;
				GENERATE_INFOPLIST_FILE = YES;
				INFOPLIST_KEY_UIApplicationSceneManifest_Generation = YES;
				INFOPLIST_KEY_UIApplicationSupportsIndirectInputEvents = YES;
				INFOPLIST_KEY_UILaunchScreen_Generation = YES;
				INFOPLIST_KEY_UISupportedInterfaceOrientations_iPad = "UIInterfaceOrientationPortrait UIInterfaceOrientationPortraitUpsideDown UIInterfaceOrientationLandscapeLeft UIInterfaceOrientationLandscapeRight";
				INFOPLIST_KEY_UISupportedInterfaceOrientations_iPhone = "UIInterfaceOrientationPortrait UIInterfaceOrientationLandscapeLeft UIInterfaceOrientationLandscapeRight";
				LD_RUNPATH_SEARCH_PATHS = (
					"$(inherited)",
					"@executable_path/Frameworks",
				);
				MARKETING_VERSION = 1.0;
				PRODUCT_BUNDLE_IDENTIFIER = mariniello.michele.MyAmazingApp;
				PRODUCT_NAME = "$(TARGET_NAME)";
				SWIFT_EMIT_LOC_STRINGS = YES;
				SWIFT_VERSION = 5.0;
				TARGETED_DEVICE_FAMILY = "1,2";
			};
			name = Debug;
		};
		29313F932CD90F1C001B1150 /* Release */ = {
			isa = XCBuildConfiguration;
			buildSettings = {
				ASSETCATALOG_COMPILER_APPICON_NAME = AppIcon;
				ASSETCATALOG_COMPILER_GLOBAL_ACCENT_COLOR_NAME = AccentColor;
				CODE_SIGN_STYLE = Automatic;
				CURRENT_PROJECT_VERSION = 1;
				DEVELOPMENT_ASSET_PATHS = "\"MyAmazingApp/Preview Content\"";
				DEVELOPMENT_TEAM = ZR9S325GW6;
				ENABLE_PREVIEWS = YES;
				GENERATE_INFOPLIST_FILE = YES;
				INFOPLIST_KEY_UIApplicationSceneManifest_Generation = YES;
				INFOPLIST_KEY_UIApplicationSupportsIndirectInputEvents = YES;
				INFOPLIST_KEY_UILaunchScreen_Generation = YES;
				INFOPLIST_KEY_UISupportedInterfaceOrientations_iPad = "UIInterfaceOrientationPortrait UIInterfaceOrientationPortraitUpsideDown UIInterfaceOrientationLandscapeLeft UIInterfaceOrientationLandscapeRight";
				INFOPLIST_KEY_UISupportedInterfaceOrientations_iPhone = "UIInterfaceOrientationPortrait UIInterfaceOrientationLandscapeLeft UIInterfaceOrientationLandscapeRight";
				LD_RUNPATH_SEARCH_PATHS = (
					"$(inherited)",
					"@executable_path/Frameworks",
				);
				MARKETING_VERSION = 1.0;
				PRODUCT_BUNDLE_IDENTIFIER = mariniello.michele.MyAmazingApp;
				PRODUCT_NAME = "$(TARGET_NAME)";
				SWIFT_EMIT_LOC_STRINGS = YES;
				SWIFT_VERSION = 5.0;
				TARGETED_DEVICE_FAMILY = "1,2";
			};
			name = Release;
		};
		29313F952CD90F1C001B1150 /* Debug */ = {
			isa = XCBuildConfiguration;
			buildSettings = {
				BUNDLE_LOADER = "$(TEST_HOST)";
				CODE_SIGN_STYLE = Automatic;
				CURRENT_PROJECT_VERSION = 1;
				DEVELOPMENT_TEAM = ZR9S325GW6;
				GENERATE_INFOPLIST_FILE = YES;
				IPHONEOS_DEPLOYMENT_TARGET = 18.0;
				MARKETING_VERSION = 1.0;
				PRODUCT_BUNDLE_IDENTIFIER = mariniello.michele.MyAmazingAppTests;
				PRODUCT_NAME = "$(TARGET_NAME)";
				SWIFT_EMIT_LOC_STRINGS = NO;
				SWIFT_VERSION = 5.0;
				TARGETED_DEVICE_FAMILY = "1,2";
				TEST_HOST = "$(BUILT_PRODUCTS_DIR)/MyAmazingApp.app/$(BUNDLE_EXECUTABLE_FOLDER_PATH)/MyAmazingApp";
			};
			name = Debug;
		};
		29313F962CD90F1C001B1150 /* Release */ = {
			isa = XCBuildConfiguration;
			buildSettings = {
				BUNDLE_LOADER = "$(TEST_HOST)";
				CODE_SIGN_STYLE = Automatic;
				CURRENT_PROJECT_VERSION = 1;
				DEVELOPMENT_TEAM = ZR9S325GW6;
				GENERATE_INFOPLIST_FILE = YES;
				IPHONEOS_DEPLOYMENT_TARGET = 18.0;
				MARKETING_VERSION = 1.0;
				PRODUCT_BUNDLE_IDENTIFIER = mariniello.michele.MyAmazingAppTests;
				PRODUCT_NAME = "$(TARGET_NAME)";
				SWIFT_EMIT_LOC_STRINGS = NO;
				SWIFT_VERSION = 5.0;
				TARGETED_DEVICE_FAMILY = "1,2";
				TEST_HOST = "$(BUILT_PRODUCTS_DIR)/MyAmazingApp.app/$(BUNDLE_EXECUTABLE_FOLDER_PATH)/MyAmazingApp";
			};
			name = Release;
		};
		29313F982CD90F1C001B1150 /* Debug */ = {
			isa = XCBuildConfiguration;
			buildSettings = {
				CODE_SIGN_STYLE = Automatic;
				CURRENT_PROJECT_VERSION = 1;
				DEVELOPMENT_TEAM = ZR9S325GW6;
				GENERATE_INFOPLIST_FILE = YES;
				MARKETING_VERSION = 1.0;
				PRODUCT_BUNDLE_IDENTIFIER = mariniello.michele.MyAmazingAppUITests;
				PRODUCT_NAME = "$(TARGET_NAME)";
				SWIFT_EMIT_LOC_STRINGS = NO;
				SWIFT_VERSION = 5.0;
				TARGETED_DEVICE_FAMILY = "1,2";
				TEST_TARGET_NAME = MyAmazingApp;
			};
			name = Debug;
		};
		29313F992CD90F1C001B1150 /* Release */ = {
			isa = XCBuildConfiguration;
			buildSettings = {
				CODE_SIGN_STYLE = Automatic;
				CURRENT_PROJECT_VERSION = 1;
				DEVELOPMENT_TEAM = ZR9S325GW6;
				GENERATE_INFOPLIST_FILE = YES;
				MARKETING_VERSION = 1.0;
				PRODUCT_BUNDLE_IDENTIFIER = mariniello.michele.MyAmazingAppUITests;
				PRODUCT_NAME = "$(TARGET_NAME)";
				SWIFT_EMIT_LOC_STRINGS = NO;
				SWIFT_VERSION = 5.0;
				TARGETED_DEVICE_FAMILY = "1,2";
				TEST_TARGET_NAME = MyAmazingApp;
			};
			name = Release;
		};
/* End XCBuildConfiguration section */

/* Begin XCConfigurationList section */
		29313F682CD90F1B001B1150 /* Build configuration list for PBXProject "MyAmazingApp" */ = {
			isa = XCConfigurationList;
			buildConfigurations = (
				29313F8F2CD90F1C001B1150 /* Debug */,
				29313F902CD90F1C001B1150 /* Release */,
			);
			defaultConfigurationIsVisible = 0;
			defaultConfigurationName = Release;
		};
		29313F912CD90F1C001B1150 /* Build configuration list for PBXNativeTarget "MyAmazingApp" */ = {
			isa = XCConfigurationList;
			buildConfigurations = (
				29313F922CD90F1C001B1150 /* Debug */,
				29313F932CD90F1C001B1150 /* Release */,
			);
			defaultConfigurationIsVisible = 0;
			defaultConfigurationName = Release;
		};
		29313F942CD90F1C001B1150 /* Build configuration list for PBXNativeTarget "MyAmazingAppTests" */ = {
			isa = XCConfigurationList;
			buildConfigurations = (
				29313F952CD90F1C001B1150 /* Debug */,
				29313F962CD90F1C001B1150 /* Release */,
			);
			defaultConfigurationIsVisible = 0;
			defaultConfigurationName = Release;
		};
		29313F972CD90F1C001B1150 /* Build configuration list for PBXNativeTarget "MyAmazingAppUITests" */ = {
			isa = XCConfigurationList;
			buildConfigurations = (
				29313F982CD90F1C001B1150 /* Debug */,
				29313F992CD90F1C001B1150 /* Release */,
			);
			defaultConfigurationIsVisible = 0;
			defaultConfigurationName = Release;
		};
/* End XCConfigurationList section */
	};
	rootObject = 29313F652CD90F1B001B1150 /* Project object */;
}
